{
  "nodes": {
    "nixpkgs": {
      "locked": {
        "lastModified": 1789114715,
        "narHash": "sha256-ugpsyk3NM2s87vXfUiIIiibbJ4Pp0JPS5p/3mfs+q+c=",
        "owner": "NixOS",
        "repo": "nixpkgs",
        "rev": "21a67dc470149f337cecafbe965d8d252a390518",
        "type": "github"
      },
      "original": {
        "owner": "NixOS",
        "ref": "nixos-26.05",
        "repo": "nixpkgs",
        "type": "github"
      }
    },
    "root": {
      "inputs": {
        "nixpkgs": "nixpkgs",
        "zitadel-src": "zitadel-src"
      }
    },
    "zitadel-src": {
      "flake": false,
      "locked": {
        "lastModified": 1790174856,
        "narHash": "sha256-Gr6Ftj2KkD7eXcb2mKMU4xgXmpV3Ehiky4WgYFYAzSI=",
        "owner": "zitadel",
        "repo": "zitadel",
        "rev": "76959769b9020fe96e45d9ee78ed079fdd6ad0e8",
        "type": "github"
      },
      "original": {
        "owner": "zitadel",
        "ref": "v4.19.1",
        "repo": "zitadel",
        "type": "github"
      }
    }
  },
  "root": "root",
  "version": 7
}
