{
  "nodes": {
    "nixpkgs": {
      "locked": {
        "lastModified": 1789114715,
        "narHash": "sha256-ugpsyk3NM2s87vXfUiIIiibbJ4Pp0JPS5p/3mfs+q+c=",
        "owner": "NixOS",
        "repo": "nixpkgs",
        "rev": "21a67dc470149f337cecafbe965d8d252a390518",
        "type": "github"
      },
      "original": {
        "owner": "NixOS",
        "ref": "nixos-26.05",
        "repo": "nixpkgs",
        "type": "github"
      }
    },
    "root": {
      "inputs": {
        "nixpkgs": "nixpkgs",
        "zitadel-src": "zitadel-src"
      }
    },
    "zitadel-src": {
      "flake": false,
      "locked": {
        "lastModified": 1788496090,
        "narHash": "sha256-nA9GgsvCKFNaHjMLwb1SNNZPLL02YP8vK9oec2qVDnE=",
        "owner": "zitadel",
        "repo": "zitadel",
        "rev": "41b11149c6997eddd7e38390912e12ff5f918a73",
        "type": "github"
      },
      "original": {
        "owner": "zitadel",
        "ref": "v4.17.3",
        "repo": "zitadel",
        "type": "github"
      }
    }
  },
  "root": "root",
  "version": 7
}
